
Microsoft Visual Studio Solution File, Format Version 12.00
# Visual Studio 2017
Project("{FAE04EC0-301F-11D3-BF4B-00C04F79EFBC}") = "TouchController2", "TouchController2.csproj", "{BD3C91A7-F8A7-469A-AD6C-6E4D077666EB}"
EndProject
Global
	GlobalSection(SolutionConfigurationPlatforms) = preSolution
		Debug|Any CPU = Debug|Any CPU
		Release|Any CPU = Release|Any CPU
	EndGlobalSection
	GlobalSection(ProjectConfigurationPlatforms) = postSolution
		{BD3C91A7-F8A7-469A-AD6C-6E4D077666EB}.Debug|Any CPU.ActiveCfg = Debug|Any CPU
		{BD3C91A7-F8A7-469A-AD6C-6E4D077666EB}.Debug|Any CPU.Build.0 = Debug|Any CPU
		{BD3C91A7-F8A7-469A-AD6C-6E4D077666EB}.Release|Any CPU.ActiveCfg = Release|Any CPU
		{BD3C91A7-F8A7-469A-AD6C-6E4D077666EB}.Release|Any CPU.Build.0 = Release|Any CPU
	EndGlobalSection
	GlobalSection(SolutionProperties) = preSolution
		HideSolutionNode = FALSE
	EndGlobalSection
EndGlobal
